# Immutable OCI sources. Local SIF hashes are recorded in ignored receipts.toml.
[llama]
source = "docker://ghcr.io/ggml-org/llama.cpp@sha256:5ebb7a55e3d38e5fe185346fcd908033e69c035ad49b33df0066eb7cf4f7b06b"

[tool]
source = "docker://python@sha256:528257d48c1da0dcecc2e725d1ae34498d60c965f1241e39cd6a85a8859bdf84"
definition = "config/apptainer/tool-sandbox.def"

[searxng]
source = "docker://searxng/searxng@sha256:467786b0d2523b0de2fc4b690c5629913ba5d80ace7efb8e32288046122f53b7"

[docling]
source = "docker://quay.io/docling-project/docling-serve-cu128@sha256:0ee15dfb92b9b6251706521dc6601e65b22168b14a41c9e3a8543a9bdece3494"
